// !$*UTF8*$!
{
	archiveVersion = 1;
	classes = {
	};
	objectVersion = 56;
	objects = {

/* Begin PBXBuildFile section */
		C0E7EF262B1BB75B008060B5 /* ZenZone_DBApp.swift in Sources */ = {isa = PBXBuildFile; fileRef = C0E7EF252B1BB75B008060B5 /* ZenZone_DBApp.swift */; };
		C0E7EF2A2B1BB75D008060B5 /* Assets.xcassets in Resources */ = {isa = PBXBuildFile; fileRef = C0E7EF292B1BB75D008060B5 /* Assets.xcassets */; };
		C0E7EF2D2B1BB75D008060B5 /* Preview Assets.xcassets in Resources */ = {isa = PBXBuildFile; fileRef = C0E7EF2C2B1BB75D008060B5 /* Preview Assets.xcassets */; };
		C0E7EF562B1BB8CE008060B5 /* FireDBHelper.swift in Sources */ = {isa = PBXBuildFile; fileRef = C0E7EF552B1BB8CE008060B5 /* FireDBHelper.swift */; };
		C0E7EF592B1BB91D008060B5 /* User.swift in Sources */ = {isa = PBXBuildFile; fileRef = C0E7EF582B1BB91D008060B5 /* User.swift */; };
		C0E7EF5E2B1BB9C3008060B5 /* SignupPage.swift in Sources */ = {isa = PBXBuildFile; fileRef = C0E7EF5D2B1BB9C3008060B5 /* SignupPage.swift */; };
		C0E7EF602B1BB9D7008060B5 /* RootView.swift in Sources */ = {isa = PBXBuildFile; fileRef = C0E7EF5F2B1BB9D7008060B5 /* RootView.swift */; };
		C0E7EF622B1BB9EE008060B5 /* LaunchView.swift in Sources */ = {isa = PBXBuildFile; fileRef = C0E7EF612B1BB9EE008060B5 /* LaunchView.swift */; };
		C0E7EF642B1BBB34008060B5 /* GoogleService-Info.plist in Resources */ = {isa = PBXBuildFile; fileRef = C0E7EF632B1BBB34008060B5 /* GoogleService-Info.plist */; };
		C0E7EF672B1BC18E008060B5 /* FirebaseAnalytics in Frameworks */ = {isa = PBXBuildFile; productRef = C0E7EF662B1BC18E008060B5 /* FirebaseAnalytics */; };
		C0E7EF692B1BC18E008060B5 /* FirebaseAnalyticsOnDeviceConversion in Frameworks */ = {isa = PBXBuildFile; productRef = C0E7EF682B1BC18E008060B5 /* FirebaseAnalyticsOnDeviceConversion */; };
		C0E7EF6B2B1BC18E008060B5 /* FirebaseAnalyticsSwift in Frameworks */ = {isa = PBXBuildFile; productRef = C0E7EF6A2B1BC18E008060B5 /* FirebaseAnalyticsSwift */; };
		C0E7EF6D2B1BC18E008060B5 /* FirebaseAnalyticsWithoutAdIdSupport in Frameworks */ = {isa = PBXBuildFile; productRef = C0E7EF6C2B1BC18E008060B5 /* FirebaseAnalyticsWithoutAdIdSupport */; };
		C0E7EF6F2B1BC18E008060B5 /* FirebaseAppCheck in Frameworks */ = {isa = PBXBuildFile; productRef = C0E7EF6E2B1BC18E008060B5 /* FirebaseAppCheck */; };
		C0E7EF712B1BC18E008060B5 /* FirebaseAppDistribution-Beta in Frameworks */ = {isa = PBXBuildFile; productRef = C0E7EF702B1BC18E008060B5 /* FirebaseAppDistribution-Beta */; };
		C0E7EF732B1BC18E008060B5 /* FirebaseAuth in Frameworks */ = {isa = PBXBuildFile; productRef = C0E7EF722B1BC18E008060B5 /* FirebaseAuth */; };
		C0E7EF752B1BC18E008060B5 /* FirebaseAuthCombine-Community in Frameworks */ = {isa = PBXBuildFile; productRef = C0E7EF742B1BC18E008060B5 /* FirebaseAuthCombine-Community */; };
		C0E7EF772B1BC18E008060B5 /* FirebaseCrashlytics in Frameworks */ = {isa = PBXBuildFile; productRef = C0E7EF762B1BC18E008060B5 /* FirebaseCrashlytics */; };
		C0E7EF792B1BC18E008060B5 /* FirebaseDatabase in Frameworks */ = {isa = PBXBuildFile; productRef = C0E7EF782B1BC18E008060B5 /* FirebaseDatabase */; };
		C0E7EF7B2B1BC18E008060B5 /* FirebaseDatabaseSwift in Frameworks */ = {isa = PBXBuildFile; productRef = C0E7EF7A2B1BC18E008060B5 /* FirebaseDatabaseSwift */; };
		C0E7EF7D2B1BC18E008060B5 /* FirebaseDynamicLinks in Frameworks */ = {isa = PBXBuildFile; productRef = C0E7EF7C2B1BC18E008060B5 /* FirebaseDynamicLinks */; };
		C0E7EF7F2B1BC18E008060B5 /* FirebaseFirestore in Frameworks */ = {isa = PBXBuildFile; productRef = C0E7EF7E2B1BC18E008060B5 /* FirebaseFirestore */; };
		C0E7EF812B1BC18E008060B5 /* FirebaseFirestoreCombine-Community in Frameworks */ = {isa = PBXBuildFile; productRef = C0E7EF802B1BC18E008060B5 /* FirebaseFirestoreCombine-Community */; };
		C0E7EF832B1BC18E008060B5 /* FirebaseFirestoreSwift in Frameworks */ = {isa = PBXBuildFile; productRef = C0E7EF822B1BC18E008060B5 /* FirebaseFirestoreSwift */; };
		C0E7EF852B1BC18E008060B5 /* FirebaseFunctions in Frameworks */ = {isa = PBXBuildFile; productRef = C0E7EF842B1BC18E008060B5 /* FirebaseFunctions */; };
		C0E7EF872B1BC18E008060B5 /* FirebaseFunctionsCombine-Community in Frameworks */ = {isa = PBXBuildFile; productRef = C0E7EF862B1BC18E008060B5 /* FirebaseFunctionsCombine-Community */; };
		C0E7EF892B1BC18E008060B5 /* FirebaseInAppMessaging-Beta in Frameworks */ = {isa = PBXBuildFile; productRef = C0E7EF882B1BC18E008060B5 /* FirebaseInAppMessaging-Beta */; };
		C0E7EF8B2B1BC18E008060B5 /* FirebaseInAppMessagingSwift-Beta in Frameworks */ = {isa = PBXBuildFile; productRef = C0E7EF8A2B1BC18E008060B5 /* FirebaseInAppMessagingSwift-Beta */; };
		C0E7EF8D2B1BC18E008060B5 /* FirebaseInstallations in Frameworks */ = {isa = PBXBuildFile; productRef = C0E7EF8C2B1BC18E008060B5 /* FirebaseInstallations */; };
		C0E7EF8F2B1BC18E008060B5 /* FirebaseMLModelDownloader in Frameworks */ = {isa = PBXBuildFile; productRef = C0E7EF8E2B1BC18E008060B5 /* FirebaseMLModelDownloader */; };
		C0E7EF912B1BC18E008060B5 /* FirebaseMessaging in Frameworks */ = {isa = PBXBuildFile; productRef = C0E7EF902B1BC18E008060B5 /* FirebaseMessaging */; };
		C0E7EF932B1BC18E008060B5 /* FirebasePerformance in Frameworks */ = {isa = PBXBuildFile; productRef = C0E7EF922B1BC18E008060B5 /* FirebasePerformance */; };
		C0E7EF952B1BC18E008060B5 /* FirebaseRemoteConfig in Frameworks */ = {isa = PBXBuildFile; productRef = C0E7EF942B1BC18E008060B5 /* FirebaseRemoteConfig */; };
		C0E7EF972B1BC18E008060B5 /* FirebaseRemoteConfigSwift in Frameworks */ = {isa = PBXBuildFile; productRef = C0E7EF962B1BC18E008060B5 /* FirebaseRemoteConfigSwift */; };
		C0E7EF992B1BC18E008060B5 /* FirebaseStorage in Frameworks */ = {isa = PBXBuildFile; productRef = C0E7EF982B1BC18E008060B5 /* FirebaseStorage */; };
		C0E7EF9B2B1BC18E008060B5 /* FirebaseStorageCombine-Community in Frameworks */ = {isa = PBXBuildFile; productRef = C0E7EF9A2B1BC18E008060B5 /* FirebaseStorageCombine-Community */; };
		C0E7EF9D2B1BC774008060B5 /* MediaPlayer.swift in Sources */ = {isa = PBXBuildFile; fileRef = C0E7EF9C2B1BC774008060B5 /* MediaPlayer.swift */; };
		C0E7EFA02B1BC887008060B5 /* MeditationSession.json in Resources */ = {isa = PBXBuildFile; fileRef = C0E7EF9F2B1BC887008060B5 /* MeditationSession.json */; };
		C0E7EFAC2B1BC8BE008060B5 /* BriefMeditation.mp3 in Resources */ = {isa = PBXBuildFile; fileRef = C0E7EFA22B1BC8BA008060B5 /* BriefMeditation.mp3 */; };
		C0E7EFAD2B1BC8BE008060B5 /* MountainMeditation.mp3 in Resources */ = {isa = PBXBuildFile; fileRef = C0E7EFA32B1BC8BB008060B5 /* MountainMeditation.mp3 */; };
		C0E7EFAE2B1BC8BE008060B5 /* 20MinuteBodyScan.mp3 in Resources */ = {isa = PBXBuildFile; fileRef = C0E7EFA42B1BC8BB008060B5 /* 20MinuteBodyScan.mp3 */; };
		C0E7EFAF2B1BC8BE008060B5 /* 5MinuteJustBells.mp3 in Resources */ = {isa = PBXBuildFile; fileRef = C0E7EFA52B1BC8BB008060B5 /* 5MinuteJustBells.mp3 */; };
		C0E7EFB02B1BC8BE008060B5 /* SelfGuidedMeditation.mp3 in Resources */ = {isa = PBXBuildFile; fileRef = C0E7EFA62B1BC8BB008060B5 /* SelfGuidedMeditation.mp3 */; };
		C0E7EFB12B1BC8BE008060B5 /* 20MinutesBells.mp3 in Resources */ = {isa = PBXBuildFile; fileRef = C0E7EFA72B1BC8BC008060B5 /* 20MinutesBells.mp3 */; };
		C0E7EFB22B1BC8BE008060B5 /* CompassionateBreath.mp3 in Resources */ = {isa = PBXBuildFile; fileRef = C0E7EFA82B1BC8BC008060B5 /* CompassionateBreath.mp3 */; };
		C0E7EFB32B1BC8BE008060B5 /* BreathSoundBody.mp3 in Resources */ = {isa = PBXBuildFile; fileRef = C0E7EFA92B1BC8BD008060B5 /* BreathSoundBody.mp3 */; };
		C0E7EFB42B1BC8BE008060B5 /* SittingMeditation.mp3 in Resources */ = {isa = PBXBuildFile; fileRef = C0E7EFAA2B1BC8BD008060B5 /* SittingMeditation.mp3 */; };
		C0E7EFB52B1BC8BE008060B5 /* 4MinuteBodyScan.mp3 in Resources */ = {isa = PBXBuildFile; fileRef = C0E7EFAB2B1BC8BE008060B5 /* 4MinuteBodyScan.mp3 */; };
		C0E7EFB72B1BC9A2008060B5 /* MeditaionDataLoader.swift in Sources */ = {isa = PBXBuildFile; fileRef = C0E7EFB62B1BC9A2008060B5 /* MeditaionDataLoader.swift */; };
		C0E7EFB92B1BC9CC008060B5 /* LocationManager.swift in Sources */ = {isa = PBXBuildFile; fileRef = C0E7EFB82B1BC9CC008060B5 /* LocationManager.swift */; };
		C0E7EFBB2B1BC9FB008060B5 /* MeditaionSession.swift in Sources */ = {isa = PBXBuildFile; fileRef = C0E7EFBA2B1BC9FB008060B5 /* MeditaionSession.swift */; };
		C0E7EFBD2B1BCAF6008060B5 /* HomePage.swift in Sources */ = {isa = PBXBuildFile; fileRef = C0E7EFBC2B1BCAF6008060B5 /* HomePage.swift */; };
		C0E7EFBF2B1BCB1F008060B5 /* ProfilePage.swift in Sources */ = {isa = PBXBuildFile; fileRef = C0E7EFBE2B1BCB1F008060B5 /* ProfilePage.swift */; };
		C0E7EFC12B1BCBA3008060B5 /* MeditationSessionListView.swift in Sources */ = {isa = PBXBuildFile; fileRef = C0E7EFC02B1BCBA3008060B5 /* MeditationSessionListView.swift */; };
		C0E7EFC32B1BCBDC008060B5 /* MeditationSessionDetailView.swift in Sources */ = {isa = PBXBuildFile; fileRef = C0E7EFC22B1BCBDC008060B5 /* MeditationSessionDetailView.swift */; };
		C0E7EFC52B1BCC36008060B5 /* NearbyMeditationSpotsView.swift in Sources */ = {isa = PBXBuildFile; fileRef = C0E7EFC42B1BCC36008060B5 /* NearbyMeditationSpotsView.swift */; };
		C0E7EFC92B1BCCB0008060B5 /* WellnessTrackingView.swift in Sources */ = {isa = PBXBuildFile; fileRef = C0E7EFC82B1BCCB0008060B5 /* WellnessTrackingView.swift */; };
		C0E7EFCB2B1BCD15008060B5 /* CommunitySpotlightView.swift in Sources */ = {isa = PBXBuildFile; fileRef = C0E7EFCA2B1BCD15008060B5 /* CommunitySpotlightView.swift */; };
		C0E7EFCD2B1BCD30008060B5 /* ExploreSpotsView.swift in Sources */ = {isa = PBXBuildFile; fileRef = C0E7EFCC2B1BCD30008060B5 /* ExploreSpotsView.swift */; };
/* End PBXBuildFile section */

/* Begin PBXFileReference section */
		C0E7EF222B1BB75B008060B5 /* ZenZone_DB.app */ = {isa = PBXFileReference; explicitFileType = wrapper.application; includeInIndex = 0; path = ZenZone_DB.app; sourceTree = BUILT_PRODUCTS_DIR; };
		C0E7EF252B1BB75B008060B5 /* ZenZone_DBApp.swift */ = {isa = PBXFileReference; lastKnownFileType = sourcecode.swift; path = ZenZone_DBApp.swift; sourceTree = "<group>"; };
		C0E7EF292B1BB75D008060B5 /* Assets.xcassets */ = {isa = PBXFileReference; lastKnownFileType = folder.assetcatalog; path = Assets.xcassets; sourceTree = "<group>"; };
		C0E7EF2C2B1BB75D008060B5 /* Preview Assets.xcassets */ = {isa = PBXFileReference; lastKnownFileType = folder.assetcatalog; path = "Preview Assets.xcassets"; sourceTree = "<group>"; };
		C0E7EF552B1BB8CE008060B5 /* FireDBHelper.swift */ = {isa = PBXFileReference; lastKnownFileType = sourcecode.swift; path = FireDBHelper.swift; sourceTree = "<group>"; };
		C0E7EF582B1BB91D008060B5 /* User.swift */ = {isa = PBXFileReference; lastKnownFileType = sourcecode.swift; path = User.swift; sourceTree = "<group>"; };
		C0E7EF5D2B1BB9C3008060B5 /* SignupPage.swift */ = {isa = PBXFileReference; lastKnownFileType = sourcecode.swift; path = SignupPage.swift; sourceTree = "<group>"; };
		C0E7EF5F2B1BB9D7008060B5 /* RootView.swift */ = {isa = PBXFileReference; lastKnownFileType = sourcecode.swift; path = RootView.swift; sourceTree = "<group>"; };
		C0E7EF612B1BB9EE008060B5 /* LaunchView.swift */ = {isa = PBXFileReference; lastKnownFileType = sourcecode.swift; path = LaunchView.swift; sourceTree = "<group>"; };
		C0E7EF632B1BBB34008060B5 /* GoogleService-Info.plist */ = {isa = PBXFileReference; fileEncoding = 4; lastKnownFileType = text.plist.xml; path = "GoogleService-Info.plist"; sourceTree = "<group>"; };
		C0E7EF9C2B1BC774008060B5 /* MediaPlayer.swift */ = {isa = PBXFileReference; lastKnownFileType = sourcecode.swift; path = MediaPlayer.swift; sourceTree = "<group>"; };
		C0E7EF9F2B1BC887008060B5 /* MeditationSession.json */ = {isa = PBXFileReference; fileEncoding = 4; lastKnownFileType = text.json; path = MeditationSession.json; sourceTree = "<group>"; };
		C0E7EFA22B1BC8BA008060B5 /* BriefMeditation.mp3 */ = {isa = PBXFileReference; lastKnownFileType = audio.mp3; path = BriefMeditation.mp3; sourceTree = "<group>"; };
		C0E7EFA32B1BC8BB008060B5 /* MountainMeditation.mp3 */ = {isa = PBXFileReference; lastKnownFileType = audio.mp3; path = MountainMeditation.mp3; sourceTree = "<group>"; };
		C0E7EFA42B1BC8BB008060B5 /* 20MinuteBodyScan.mp3 */ = {isa = PBXFileReference; lastKnownFileType = audio.mp3; path = 20MinuteBodyScan.mp3; sourceTree = "<group>"; };
		C0E7EFA52B1BC8BB008060B5 /* 5MinuteJustBells.mp3 */ = {isa = PBXFileReference; lastKnownFileType = audio.mp3; path = 5MinuteJustBells.mp3; sourceTree = "<group>"; };
		C0E7EFA62B1BC8BB008060B5 /* SelfGuidedMeditation.mp3 */ = {isa = PBXFileReference; lastKnownFileType = audio.mp3; path = SelfGuidedMeditation.mp3; sourceTree = "<group>"; };
		C0E7EFA72B1BC8BC008060B5 /* 20MinutesBells.mp3 */ = {isa = PBXFileReference; lastKnownFileType = audio.mp3; path = 20MinutesBells.mp3; sourceTree = "<group>"; };
		C0E7EFA82B1BC8BC008060B5 /* CompassionateBreath.mp3 */ = {isa = PBXFileReference; lastKnownFileType = audio.mp3; path = CompassionateBreath.mp3; sourceTree = "<group>"; };
		C0E7EFA92B1BC8BD008060B5 /* BreathSoundBody.mp3 */ = {isa = PBXFileReference; lastKnownFileType = audio.mp3; path = BreathSoundBody.mp3; sourceTree = "<group>"; };
		C0E7EFAA2B1BC8BD008060B5 /* SittingMeditation.mp3 */ = {isa = PBXFileReference; lastKnownFileType = audio.mp3; path = SittingMeditation.mp3; sourceTree = "<group>"; };
		C0E7EFAB2B1BC8BE008060B5 /* 4MinuteBodyScan.mp3 */ = {isa = PBXFileReference; lastKnownFileType = audio.mp3; path = 4MinuteBodyScan.mp3; sourceTree = "<group>"; };
		C0E7EFB62B1BC9A2008060B5 /* MeditaionDataLoader.swift */ = {isa = PBXFileReference; lastKnownFileType = sourcecode.swift; path = MeditaionDataLoader.swift; sourceTree = "<group>"; };
		C0E7EFB82B1BC9CC008060B5 /* LocationManager.swift */ = {isa = PBXFileReference; lastKnownFileType = sourcecode.swift; path = LocationManager.swift; sourceTree = "<group>"; };
		C0E7EFBA2B1BC9FB008060B5 /* MeditaionSession.swift */ = {isa = PBXFileReference; lastKnownFileType = sourcecode.swift; path = MeditaionSession.swift; sourceTree = "<group>"; };
		C0E7EFBC2B1BCAF6008060B5 /* HomePage.swift */ = {isa = PBXFileReference; lastKnownFileType = sourcecode.swift; path = HomePage.swift; sourceTree = "<group>"; };
		C0E7EFBE2B1BCB1F008060B5 /* ProfilePage.swift */ = {isa = PBXFileReference; lastKnownFileType = sourcecode.swift; path = ProfilePage.swift; sourceTree = "<group>"; };
		C0E7EFC02B1BCBA3008060B5 /* MeditationSessionListView.swift */ = {isa = PBXFileReference; lastKnownFileType = sourcecode.swift; path = MeditationSessionListView.swift; sourceTree = "<group>"; };
		C0E7EFC22B1BCBDC008060B5 /* MeditationSessionDetailView.swift */ = {isa = PBXFileReference; lastKnownFileType = sourcecode.swift; path = MeditationSessionDetailView.swift; sourceTree = "<group>"; };
		C0E7EFC42B1BCC36008060B5 /* NearbyMeditationSpotsView.swift */ = {isa = PBXFileReference; lastKnownFileType = sourcecode.swift; path = NearbyMeditationSpotsView.swift; sourceTree = "<group>"; };
		C0E7EFC82B1BCCB0008060B5 /* WellnessTrackingView.swift */ = {isa = PBXFileReference; lastKnownFileType = sourcecode.swift; path = WellnessTrackingView.swift; sourceTree = "<group>"; };
		C0E7EFCA2B1BCD15008060B5 /* CommunitySpotlightView.swift */ = {isa = PBXFileReference; lastKnownFileType = sourcecode.swift; path = CommunitySpotlightView.swift; sourceTree = "<group>"; };
		C0E7EFCC2B1BCD30008060B5 /* ExploreSpotsView.swift */ = {isa = PBXFileReference; lastKnownFileType = sourcecode.swift; path = ExploreSpotsView.swift; sourceTree = "<group>"; };
/* End PBXFileReference section */

/* Begin PBXFrameworksBuildPhase section */
		C0E7EF1F2B1BB75B008060B5 /* Frameworks */ = {
			isa = PBXFrameworksBuildPhase;
			buildActionMask = 2147483647;
			files = (
				C0E7EF792B1BC18E008060B5 /* FirebaseDatabase in Frameworks */,
				C0E7EF872B1BC18E008060B5 /* FirebaseFunctionsCombine-Community in Frameworks */,
				C0E7EF7F2B1BC18E008060B5 /* FirebaseFirestore in Frameworks */,
				C0E7EF6B2B1BC18E008060B5 /* FirebaseAnalyticsSwift in Frameworks */,
				C0E7EF672B1BC18E008060B5 /* FirebaseAnalytics in Frameworks */,
				C0E7EF692B1BC18E008060B5 /* FirebaseAnalyticsOnDeviceConversion in Frameworks */,
				C0E7EF8F2B1BC18E008060B5 /* FirebaseMLModelDownloader in Frameworks */,
				C0E7EF832B1BC18E008060B5 /* FirebaseFirestoreSwift in Frameworks */,
				C0E7EF6F2B1BC18E008060B5 /* FirebaseAppCheck in Frameworks */,
				C0E7EF6D2B1BC18E008060B5 /* FirebaseAnalyticsWithoutAdIdSupport in Frameworks */,
				C0E7EF732B1BC18E008060B5 /* FirebaseAuth in Frameworks */,
				C0E7EF772B1BC18E008060B5 /* FirebaseCrashlytics in Frameworks */,
				C0E7EF972B1BC18E008060B5 /* FirebaseRemoteConfigSwift in Frameworks */,
				C0E7EF892B1BC18E008060B5 /* FirebaseInAppMessaging-Beta in Frameworks */,
				C0E7EF7B2B1BC18E008060B5 /* FirebaseDatabaseSwift in Frameworks */,
				C0E7EF852B1BC18E008060B5 /* FirebaseFunctions in Frameworks */,
				C0E7EF9B2B1BC18E008060B5 /* FirebaseStorageCombine-Community in Frameworks */,
				C0E7EF952B1BC18E008060B5 /* FirebaseRemoteConfig in Frameworks */,
				C0E7EF712B1BC18E008060B5 /* FirebaseAppDistribution-Beta in Frameworks */,
				C0E7EF752B1BC18E008060B5 /* FirebaseAuthCombine-Community in Frameworks */,
				C0E7EF932B1BC18E008060B5 /* FirebasePerformance in Frameworks */,
				C0E7EF8B2B1BC18E008060B5 /* FirebaseInAppMessagingSwift-Beta in Frameworks */,
				C0E7EF992B1BC18E008060B5 /* FirebaseStorage in Frameworks */,
				C0E7EF7D2B1BC18E008060B5 /* FirebaseDynamicLinks in Frameworks */,
				C0E7EF812B1BC18E008060B5 /* FirebaseFirestoreCombine-Community in Frameworks */,
				C0E7EF912B1BC18E008060B5 /* FirebaseMessaging in Frameworks */,
				C0E7EF8D2B1BC18E008060B5 /* FirebaseInstallations in Frameworks */,
			);
			runOnlyForDeploymentPostprocessing = 0;
		};
/* End PBXFrameworksBuildPhase section */

/* Begin PBXGroup section */
		C0E7EF192B1BB75B008060B5 = {
			isa = PBXGroup;
			children = (
				C0E7EF242B1BB75B008060B5 /* ZenZone_DB */,
				C0E7EF232B1BB75B008060B5 /* Products */,
			);
			sourceTree = "<group>";
		};
		C0E7EF232B1BB75B008060B5 /* Products */ = {
			isa = PBXGroup;
			children = (
				C0E7EF222B1BB75B008060B5 /* ZenZone_DB.app */,
			);
			name = Products;
			sourceTree = "<group>";
		};
		C0E7EF242B1BB75B008060B5 /* ZenZone_DB */ = {
			isa = PBXGroup;
			children = (
				C0E7EFA12B1BC88F008060B5 /* Resources */,
				C0E7EF9E2B1BC82E008060B5 /* Data */,
				C0E7EF632B1BBB34008060B5 /* GoogleService-Info.plist */,
				C0E7EF5A2B1BB981008060B5 /* Views */,
				C0E7EF572B1BB907008060B5 /* Models */,
				C0E7EF542B1BB8A7008060B5 /* Services */,
				C0E7EF252B1BB75B008060B5 /* ZenZone_DBApp.swift */,
				C0E7EF292B1BB75D008060B5 /* Assets.xcassets */,
				C0E7EF2B2B1BB75D008060B5 /* Preview Content */,
			);
			path = ZenZone_DB;
			sourceTree = "<group>";
		};
		C0E7EF2B2B1BB75D008060B5 /* Preview Content */ = {
			isa = PBXGroup;
			children = (
				C0E7EF2C2B1BB75D008060B5 /* Preview Assets.xcassets */,
			);
			path = "Preview Content";
			sourceTree = "<group>";
		};
		C0E7EF542B1BB8A7008060B5 /* Services */ = {
			isa = PBXGroup;
			children = (
				C0E7EF552B1BB8CE008060B5 /* FireDBHelper.swift */,
				C0E7EF9C2B1BC774008060B5 /* MediaPlayer.swift */,
				C0E7EFB62B1BC9A2008060B5 /* MeditaionDataLoader.swift */,
				C0E7EFB82B1BC9CC008060B5 /* LocationManager.swift */,
			);
			path = Services;
			sourceTree = "<group>";
		};
		C0E7EF572B1BB907008060B5 /* Models */ = {
			isa = PBXGroup;
			children = (
				C0E7EF582B1BB91D008060B5 /* User.swift */,
				C0E7EFBA2B1BC9FB008060B5 /* MeditaionSession.swift */,
			);
			path = Models;
			sourceTree = "<group>";
		};
		C0E7EF5A2B1BB981008060B5 /* Views */ = {
			isa = PBXGroup;
			children = (
				C0E7EF5D2B1BB9C3008060B5 /* SignupPage.swift */,
				C0E7EF5F2B1BB9D7008060B5 /* RootView.swift */,
				C0E7EF612B1BB9EE008060B5 /* LaunchView.swift */,
				C0E7EFBC2B1BCAF6008060B5 /* HomePage.swift */,
				C0E7EFBE2B1BCB1F008060B5 /* ProfilePage.swift */,
				C0E7EFC02B1BCBA3008060B5 /* MeditationSessionListView.swift */,
				C0E7EFC22B1BCBDC008060B5 /* MeditationSessionDetailView.swift */,
				C0E7EFC42B1BCC36008060B5 /* NearbyMeditationSpotsView.swift */,
				C0E7EFC82B1BCCB0008060B5 /* WellnessTrackingView.swift */,
				C0E7EFCA2B1BCD15008060B5 /* CommunitySpotlightView.swift */,
				C0E7EFCC2B1BCD30008060B5 /* ExploreSpotsView.swift */,
			);
			path = Views;
			sourceTree = "<group>";
		};
		C0E7EF9E2B1BC82E008060B5 /* Data */ = {
			isa = PBXGroup;
			children = (
				C0E7EF9F2B1BC887008060B5 /* MeditationSession.json */,
			);
			path = Data;
			sourceTree = "<group>";
		};
		C0E7EFA12B1BC88F008060B5 /* Resources */ = {
			isa = PBXGroup;
			children = (
				C0E7EFAB2B1BC8BE008060B5 /* 4MinuteBodyScan.mp3 */,
				C0E7EFA52B1BC8BB008060B5 /* 5MinuteJustBells.mp3 */,
				C0E7EFA42B1BC8BB008060B5 /* 20MinuteBodyScan.mp3 */,
				C0E7EFA72B1BC8BC008060B5 /* 20MinutesBells.mp3 */,
				C0E7EFA92B1BC8BD008060B5 /* BreathSoundBody.mp3 */,
				C0E7EFA22B1BC8BA008060B5 /* BriefMeditation.mp3 */,
				C0E7EFA82B1BC8BC008060B5 /* CompassionateBreath.mp3 */,
				C0E7EFA32B1BC8BB008060B5 /* MountainMeditation.mp3 */,
				C0E7EFA62B1BC8BB008060B5 /* SelfGuidedMeditation.mp3 */,
				C0E7EFAA2B1BC8BD008060B5 /* SittingMeditation.mp3 */,
			);
			path = Resources;
			sourceTree = "<group>";
		};
/* End PBXGroup section */

/* Begin PBXNativeTarget section */
		C0E7EF212B1BB75B008060B5 /* ZenZone_DB */ = {
			isa = PBXNativeTarget;
			buildConfigurationList = C0E7EF362B1BB75D008060B5 /* Build configuration list for PBXNativeTarget "ZenZone_DB" */;
			buildPhases = (
				C0E7EF1E2B1BB75B008060B5 /* Sources */,
				C0E7EF1F2B1BB75B008060B5 /* Frameworks */,
				C0E7EF202B1BB75B008060B5 /* Resources */,
			);
			buildRules = (
			);
			dependencies = (
			);
			name = ZenZone_DB;
			packageProductDependencies = (
				C0E7EF662B1BC18E008060B5 /* FirebaseAnalytics */,
				C0E7EF682B1BC18E008060B5 /* FirebaseAnalyticsOnDeviceConversion */,
				C0E7EF6A2B1BC18E008060B5 /* FirebaseAnalyticsSwift */,
				C0E7EF6C2B1BC18E008060B5 /* FirebaseAnalyticsWithoutAdIdSupport */,
				C0E7EF6E2B1BC18E008060B5 /* FirebaseAppCheck */,
				C0E7EF702B1BC18E008060B5 /* FirebaseAppDistribution-Beta */,
				C0E7EF722B1BC18E008060B5 /* FirebaseAuth */,
				C0E7EF742B1BC18E008060B5 /* FirebaseAuthCombine-Community */,
				C0E7EF762B1BC18E008060B5 /* FirebaseCrashlytics */,
				C0E7EF782B1BC18E008060B5 /* FirebaseDatabase */,
				C0E7EF7A2B1BC18E008060B5 /* FirebaseDatabaseSwift */,
				C0E7EF7C2B1BC18E008060B5 /* FirebaseDynamicLinks */,
				C0E7EF7E2B1BC18E008060B5 /* FirebaseFirestore */,
				C0E7EF802B1BC18E008060B5 /* FirebaseFirestoreCombine-Community */,
				C0E7EF822B1BC18E008060B5 /* FirebaseFirestoreSwift */,
				C0E7EF842B1BC18E008060B5 /* FirebaseFunctions */,
				C0E7EF862B1BC18E008060B5 /* FirebaseFunctionsCombine-Community */,
				C0E7EF882B1BC18E008060B5 /* FirebaseInAppMessaging-Beta */,
				C0E7EF8A2B1BC18E008060B5 /* FirebaseInAppMessagingSwift-Beta */,
				C0E7EF8C2B1BC18E008060B5 /* FirebaseInstallations */,
				C0E7EF8E2B1BC18E008060B5 /* FirebaseMLModelDownloader */,
				C0E7EF902B1BC18E008060B5 /* FirebaseMessaging */,
				C0E7EF922B1BC18E008060B5 /* FirebasePerformance */,
				C0E7EF942B1BC18E008060B5 /* FirebaseRemoteConfig */,
				C0E7EF962B1BC18E008060B5 /* FirebaseRemoteConfigSwift */,
				C0E7EF982B1BC18E008060B5 /* FirebaseStorage */,
				C0E7EF9A2B1BC18E008060B5 /* FirebaseStorageCombine-Community */,
			);
			productName = ZenZone_DB;
			productReference = C0E7EF222B1BB75B008060B5 /* ZenZone_DB.app */;
			productType = "com.apple.product-type.application";
		};
/* End PBXNativeTarget section */

/* Begin PBXProject section */
		C0E7EF1A2B1BB75B008060B5 /* Project object */ = {
			isa = PBXProject;
			attributes = {
				BuildIndependentTargetsInParallel = 1;
				LastSwiftUpdateCheck = 1430;
				LastUpgradeCheck = 1430;
				TargetAttributes = {
					C0E7EF212B1BB75B008060B5 = {
						CreatedOnToolsVersion = 14.3.1;
					};
				};
			};
			buildConfigurationList = C0E7EF1D2B1BB75B008060B5 /* Build configuration list for PBXProject "ZenZone_DB" */;
			compatibilityVersion = "Xcode 14.0";
			developmentRegion = en;
			hasScannedForEncodings = 0;
			knownRegions = (
				en,
				Base,
			);
			mainGroup = C0E7EF192B1BB75B008060B5;
			packageReferences = (
				C0E7EF652B1BC18E008060B5 /* XCRemoteSwiftPackageReference "firebase-ios-sdk" */,
			);
			productRefGroup = C0E7EF232B1BB75B008060B5 /* Products */;
			projectDirPath = "";
			projectRoot = "";
			targets = (
				C0E7EF212B1BB75B008060B5 /* ZenZone_DB */,
			);
		};
/* End PBXProject section */

/* Begin PBXResourcesBuildPhase section */
		C0E7EF202B1BB75B008060B5 /* Resources */ = {
			isa = PBXResourcesBuildPhase;
			buildActionMask = 2147483647;
			files = (
				C0E7EFA02B1BC887008060B5 /* MeditationSession.json in Resources */,
				C0E7EFAF2B1BC8BE008060B5 /* 5MinuteJustBells.mp3 in Resources */,
				C0E7EFB22B1BC8BE008060B5 /* CompassionateBreath.mp3 in Resources */,
				C0E7EF2D2B1BB75D008060B5 /* Preview Assets.xcassets in Resources */,
				C0E7EFB42B1BC8BE008060B5 /* SittingMeditation.mp3 in Resources */,
				C0E7EF642B1BBB34008060B5 /* GoogleService-Info.plist in Resources */,
				C0E7EFB02B1BC8BE008060B5 /* SelfGuidedMeditation.mp3 in Resources */,
				C0E7EFAD2B1BC8BE008060B5 /* MountainMeditation.mp3 in Resources */,
				C0E7EFAC2B1BC8BE008060B5 /* BriefMeditation.mp3 in Resources */,
				C0E7EFB12B1BC8BE008060B5 /* 20MinutesBells.mp3 in Resources */,
				C0E7EF2A2B1BB75D008060B5 /* Assets.xcassets in Resources */,
				C0E7EFB32B1BC8BE008060B5 /* BreathSoundBody.mp3 in Resources */,
				C0E7EFB52B1BC8BE008060B5 /* 4MinuteBodyScan.mp3 in Resources */,
				C0E7EFAE2B1BC8BE008060B5 /* 20MinuteBodyScan.mp3 in Resources */,
			);
			runOnlyForDeploymentPostprocessing = 0;
		};
/* End PBXResourcesBuildPhase section */

/* Begin PBXSourcesBuildPhase section */
		C0E7EF1E2B1BB75B008060B5 /* Sources */ = {
			isa = PBXSourcesBuildPhase;
			buildActionMask = 2147483647;
			files = (
				C0E7EF592B1BB91D008060B5 /* User.swift in Sources */,
				C0E7EFC12B1BCBA3008060B5 /* MeditationSessionListView.swift in Sources */,
				C0E7EF622B1BB9EE008060B5 /* LaunchView.swift in Sources */,
				C0E7EFCD2B1BCD30008060B5 /* ExploreSpotsView.swift in Sources */,
				C0E7EFC32B1BCBDC008060B5 /* MeditationSessionDetailView.swift in Sources */,
				C0E7EFB92B1BC9CC008060B5 /* LocationManager.swift in Sources */,
				C0E7EFCB2B1BCD15008060B5 /* CommunitySpotlightView.swift in Sources */,
				C0E7EF5E2B1BB9C3008060B5 /* SignupPage.swift in Sources */,
				C0E7EFC52B1BCC36008060B5 /* NearbyMeditationSpotsView.swift in Sources */,
				C0E7EFC92B1BCCB0008060B5 /* WellnessTrackingView.swift in Sources */,
				C0E7EF562B1BB8CE008060B5 /* FireDBHelper.swift in Sources */,
				C0E7EFBD2B1BCAF6008060B5 /* HomePage.swift in Sources */,
				C0E7EF602B1BB9D7008060B5 /* RootView.swift in Sources */,
				C0E7EFBB2B1BC9FB008060B5 /* MeditaionSession.swift in Sources */,
				C0E7EFBF2B1BCB1F008060B5 /* ProfilePage.swift in Sources */,
				C0E7EFB72B1BC9A2008060B5 /* MeditaionDataLoader.swift in Sources */,
				C0E7EF262B1BB75B008060B5 /* ZenZone_DBApp.swift in Sources */,
				C0E7EF9D2B1BC774008060B5 /* MediaPlayer.swift in Sources */,
			);
			runOnlyForDeploymentPostprocessing = 0;
		};
/* End PBXSourcesBuildPhase section */

/* Begin XCBuildConfiguration section */
		C0E7EF342B1BB75D008060B5 /* Debug */ = {
			isa = XCBuildConfiguration;
			buildSettings = {
				ALWAYS_SEARCH_USER_PATHS = NO;
				CLANG_ANALYZER_NONNULL = YES;
				CLANG_ANALYZER_NUMBER_OBJECT_CONVERSION = YES_AGGRESSIVE;
				CLANG_CXX_LANGUAGE_STANDARD = "gnu++20";
				CLANG_ENABLE_MODULES = YES;
				CLANG_ENABLE_OBJC_ARC = YES;
				CLANG_ENABLE_OBJC_WEAK = YES;
				CLANG_WARN_BLOCK_CAPTURE_AUTORELEASING = YES;
				CLANG_WARN_BOOL_CONVERSION = YES;
				CLANG_WARN_COMMA = YES;
				CLANG_WARN_CONSTANT_CONVERSION = YES;
				CLANG_WARN_DEPRECATED_OBJC_IMPLEMENTATIONS = YES;
				CLANG_WARN_DIRECT_OBJC_ISA_USAGE = YES_ERROR;
				CLANG_WARN_DOCUMENTATION_COMMENTS = YES;
				CLANG_WARN_EMPTY_BODY = YES;
				CLANG_WARN_ENUM_CONVERSION = YES;
				CLANG_WARN_INFINITE_RECURSION = YES;
				CLANG_WARN_INT_CONVERSION = YES;
				CLANG_WARN_NON_LITERAL_NULL_CONVERSION = YES;
				CLANG_WARN_OBJC_IMPLICIT_RETAIN_SELF = YES;
				CLANG_WARN_OBJC_LITERAL_CONVERSION = YES;
				CLANG_WARN_OBJC_ROOT_CLASS = YES_ERROR;
				CLANG_WARN_QUOTED_INCLUDE_IN_FRAMEWORK_HEADER = YES;
				CLANG_WARN_RANGE_LOOP_ANALYSIS = YES;
				CLANG_WARN_STRICT_PROTOTYPES = YES;
				CLANG_WARN_SUSPICIOUS_MOVE = YES;
				CLANG_WARN_UNGUARDED_AVAILABILITY = YES_AGGRESSIVE;
				CLANG_WARN_UNREACHABLE_CODE = YES;
				CLANG_WARN__DUPLICATE_METHOD_MATCH = YES;
				COPY_PHASE_STRIP = NO;
				DEBUG_INFORMATION_FORMAT = dwarf;
				ENABLE_STRICT_OBJC_MSGSEND = YES;
				ENABLE_TESTABILITY = YES;
				GCC_C_LANGUAGE_STANDARD = gnu11;
				GCC_DYNAMIC_NO_PIC = NO;
				GCC_NO_COMMON_BLOCKS = YES;
				GCC_OPTIMIZATION_LEVEL = 0;
				GCC_PREPROCESSOR_DEFINITIONS = (
					"DEBUG=1",
					"$(inherited)",
				);
				GCC_WARN_64_TO_32_BIT_CONVERSION = YES;
				GCC_WARN_ABOUT_RETURN_TYPE = YES_ERROR;
				GCC_WARN_UNDECLARED_SELECTOR = YES;
				GCC_WARN_UNINITIALIZED_AUTOS = YES_AGGRESSIVE;
				GCC_WARN_UNUSED_FUNCTION = YES;
				GCC_WARN_UNUSED_VARIABLE = YES;
				IPHONEOS_DEPLOYMENT_TARGET = 16.4;
				MTL_ENABLE_DEBUG_INFO = INCLUDE_SOURCE;
				MTL_FAST_MATH = YES;
				ONLY_ACTIVE_ARCH = YES;
				SDKROOT = iphoneos;
				SWIFT_ACTIVE_COMPILATION_CONDITIONS = DEBUG;
				SWIFT_OPTIMIZATION_LEVEL = "-Onone";
			};
			name = Debug;
		};
		C0E7EF352B1BB75D008060B5 /* Release */ = {
			isa = XCBuildConfiguration;
			buildSettings = {
				ALWAYS_SEARCH_USER_PATHS = NO;
				CLANG_ANALYZER_NONNULL = YES;
				CLANG_ANALYZER_NUMBER_OBJECT_CONVERSION = YES_AGGRESSIVE;
				CLANG_CXX_LANGUAGE_STANDARD = "gnu++20";
				CLANG_ENABLE_MODULES = YES;
				CLANG_ENABLE_OBJC_ARC = YES;
				CLANG_ENABLE_OBJC_WEAK = YES;
				CLANG_WARN_BLOCK_CAPTURE_AUTORELEASING = YES;
				CLANG_WARN_BOOL_CONVERSION = YES;
				CLANG_WARN_COMMA = YES;
				CLANG_WARN_CONSTANT_CONVERSION = YES;
				CLANG_WARN_DEPRECATED_OBJC_IMPLEMENTATIONS = YES;
				CLANG_WARN_DIRECT_OBJC_ISA_USAGE = YES_ERROR;
				CLANG_WARN_DOCUMENTATION_COMMENTS = YES;
				CLANG_WARN_EMPTY_BODY = YES;
				CLANG_WARN_ENUM_CONVERSION = YES;
				CLANG_WARN_INFINITE_RECURSION = YES;
				CLANG_WARN_INT_CONVERSION = YES;
				CLANG_WARN_NON_LITERAL_NULL_CONVERSION = YES;
				CLANG_WARN_OBJC_IMPLICIT_RETAIN_SELF = YES;
				CLANG_WARN_OBJC_LITERAL_CONVERSION = YES;
				CLANG_WARN_OBJC_ROOT_CLASS = YES_ERROR;
				CLANG_WARN_QUOTED_INCLUDE_IN_FRAMEWORK_HEADER = YES;
				CLANG_WARN_RANGE_LOOP_ANALYSIS = YES;
				CLANG_WARN_STRICT_PROTOTYPES = YES;
				CLANG_WARN_SUSPICIOUS_MOVE = YES;
				CLANG_WARN_UNGUARDED_AVAILABILITY = YES_AGGRESSIVE;
				CLANG_WARN_UNREACHABLE_CODE = YES;
				CLANG_WARN__DUPLICATE_METHOD_MATCH = YES;
				COPY_PHASE_STRIP = NO;
				DEBUG_INFORMATION_FORMAT = "dwarf-with-dsym";
				ENABLE_NS_ASSERTIONS = NO;
				ENABLE_STRICT_OBJC_MSGSEND = YES;
				GCC_C_LANGUAGE_STANDARD = gnu11;
				GCC_NO_COMMON_BLOCKS = YES;
				GCC_WARN_64_TO_32_BIT_CONVERSION = YES;
				GCC_WARN_ABOUT_RETURN_TYPE = YES_ERROR;
				GCC_WARN_UNDECLARED_SELECTOR = YES;
				GCC_WARN_UNINITIALIZED_AUTOS = YES_AGGRESSIVE;
				GCC_WARN_UNUSED_FUNCTION = YES;
				GCC_WARN_UNUSED_VARIABLE = YES;
				IPHONEOS_DEPLOYMENT_TARGET = 16.4;
				MTL_ENABLE_DEBUG_INFO = NO;
				MTL_FAST_MATH = YES;
				SDKROOT = iphoneos;
				SWIFT_COMPILATION_MODE = wholemodule;
				SWIFT_OPTIMIZATION_LEVEL = "-O";
				VALIDATE_PRODUCT = YES;
			};
			name = Release;
		};
		C0E7EF372B1BB75D008060B5 /* Debug */ = {
			isa = XCBuildConfiguration;
			buildSettings = {
				ASSETCATALOG_COMPILER_APPICON_NAME = AppIcon;
				ASSETCATALOG_COMPILER_GLOBAL_ACCENT_COLOR_NAME = AccentColor;
				CODE_SIGN_STYLE = Automatic;
				CURRENT_PROJECT_VERSION = 1;
				DEVELOPMENT_ASSET_PATHS = "\"ZenZone_DB/Preview Content\"";
				DEVELOPMENT_TEAM = YV6DXDN3TS;
				ENABLE_PREVIEWS = YES;
				GENERATE_INFOPLIST_FILE = YES;
				INFOPLIST_KEY_UIApplicationSceneManifest_Generation = YES;
				INFOPLIST_KEY_UIApplicationSupportsIndirectInputEvents = YES;
				INFOPLIST_KEY_UILaunchScreen_Generation = YES;
				INFOPLIST_KEY_UISupportedInterfaceOrientations_iPad = "UIInterfaceOrientationPortrait UIInterfaceOrientationPortraitUpsideDown UIInterfaceOrientationLandscapeLeft UIInterfaceOrientationLandscapeRight";
				INFOPLIST_KEY_UISupportedInterfaceOrientations_iPhone = "UIInterfaceOrientationPortrait UIInterfaceOrientationLandscapeLeft UIInterfaceOrientationLandscapeRight";
				LD_RUNPATH_SEARCH_PATHS = (
					"$(inherited)",
					"@executable_path/Frameworks",
				);
				MARKETING_VERSION = 1.0;
				PRODUCT_BUNDLE_IDENTIFIER = "com.mh.ZenZone-DB";
				PRODUCT_NAME = "$(TARGET_NAME)";
				SWIFT_EMIT_LOC_STRINGS = YES;
				SWIFT_VERSION = 5.0;
				TARGETED_DEVICE_FAMILY = "1,2";
			};
			name = Debug;
		};
		C0E7EF382B1BB75D008060B5 /* Release */ = {
			isa = XCBuildConfiguration;
			buildSettings = {
				ASSETCATALOG_COMPILER_APPICON_NAME = AppIcon;
				ASSETCATALOG_COMPILER_GLOBAL_ACCENT_COLOR_NAME = AccentColor;
				CODE_SIGN_STYLE = Automatic;
				CURRENT_PROJECT_VERSION = 1;
				DEVELOPMENT_ASSET_PATHS = "\"ZenZone_DB/Preview Content\"";
				DEVELOPMENT_TEAM = YV6DXDN3TS;
				ENABLE_PREVIEWS = YES;
				GENERATE_INFOPLIST_FILE = YES;
				INFOPLIST_KEY_UIApplicationSceneManifest_Generation = YES;
				INFOPLIST_KEY_UIApplicationSupportsIndirectInputEvents = YES;
				INFOPLIST_KEY_UILaunchScreen_Generation = YES;
				INFOPLIST_KEY_UISupportedInterfaceOrientations_iPad = "UIInterfaceOrientationPortrait UIInterfaceOrientationPortraitUpsideDown UIInterfaceOrientationLandscapeLeft UIInterfaceOrientationLandscapeRight";
				INFOPLIST_KEY_UISupportedInterfaceOrientations_iPhone = "UIInterfaceOrientationPortrait UIInterfaceOrientationLandscapeLeft UIInterfaceOrientationLandscapeRight";
				LD_RUNPATH_SEARCH_PATHS = (
					"$(inherited)",
					"@executable_path/Frameworks",
				);
				MARKETING_VERSION = 1.0;
				PRODUCT_BUNDLE_IDENTIFIER = "com.mh.ZenZone-DB";
				PRODUCT_NAME = "$(TARGET_NAME)";
				SWIFT_EMIT_LOC_STRINGS = YES;
				SWIFT_VERSION = 5.0;
				TARGETED_DEVICE_FAMILY = "1,2";
			};
			name = Release;
		};
/* End XCBuildConfiguration section */

/* Begin XCConfigurationList section */
		C0E7EF1D2B1BB75B008060B5 /* Build configuration list for PBXProject "ZenZone_DB" */ = {
			isa = XCConfigurationList;
			buildConfigurations = (
				C0E7EF342B1BB75D008060B5 /* Debug */,
				C0E7EF352B1BB75D008060B5 /* Release */,
			);
			defaultConfigurationIsVisible = 0;
			defaultConfigurationName = Release;
		};
		C0E7EF362B1BB75D008060B5 /* Build configuration list for PBXNativeTarget "ZenZone_DB" */ = {
			isa = XCConfigurationList;
			buildConfigurations = (
				C0E7EF372B1BB75D008060B5 /* Debug */,
				C0E7EF382B1BB75D008060B5 /* Release */,
			);
			defaultConfigurationIsVisible = 0;
			defaultConfigurationName = Release;
		};
/* End XCConfigurationList section */

/* Begin XCRemoteSwiftPackageReference section */
		C0E7EF652B1BC18E008060B5 /* XCRemoteSwiftPackageReference "firebase-ios-sdk" */ = {
			isa = XCRemoteSwiftPackageReference;
			repositoryURL = "https://github.com/firebase/firebase-ios-sdk";
			requirement = {
				kind = upToNextMajorVersion;
				minimumVersion = 10.0.0;
			};
		};
/* End XCRemoteSwiftPackageReference section */

/* Begin XCSwiftPackageProductDependency section */
		C0E7EF662B1BC18E008060B5 /* FirebaseAnalytics */ = {
			isa = XCSwiftPackageProductDependency;
			package = C0E7EF652B1BC18E008060B5 /* XCRemoteSwiftPackageReference "firebase-ios-sdk" */;
			productName = FirebaseAnalytics;
		};
		C0E7EF682B1BC18E008060B5 /* FirebaseAnalyticsOnDeviceConversion */ = {
			isa = XCSwiftPackageProductDependency;
			package = C0E7EF652B1BC18E008060B5 /* XCRemoteSwiftPackageReference "firebase-ios-sdk" */;
			productName = FirebaseAnalyticsOnDeviceConversion;
		};
		C0E7EF6A2B1BC18E008060B5 /* FirebaseAnalyticsSwift */ = {
			isa = XCSwiftPackageProductDependency;
			package = C0E7EF652B1BC18E008060B5 /* XCRemoteSwiftPackageReference "firebase-ios-sdk" */;
			productName = FirebaseAnalyticsSwift;
		};
		C0E7EF6C2B1BC18E008060B5 /* FirebaseAnalyticsWithoutAdIdSupport */ = {
			isa = XCSwiftPackageProductDependency;
			package = C0E7EF652B1BC18E008060B5 /* XCRemoteSwiftPackageReference "firebase-ios-sdk" */;
			productName = FirebaseAnalyticsWithoutAdIdSupport;
		};
		C0E7EF6E2B1BC18E008060B5 /* FirebaseAppCheck */ = {
			isa = XCSwiftPackageProductDependency;
			package = C0E7EF652B1BC18E008060B5 /* XCRemoteSwiftPackageReference "firebase-ios-sdk" */;
			productName = FirebaseAppCheck;
		};
		C0E7EF702B1BC18E008060B5 /* FirebaseAppDistribution-Beta */ = {
			isa = XCSwiftPackageProductDependency;
			package = C0E7EF652B1BC18E008060B5 /* XCRemoteSwiftPackageReference "firebase-ios-sdk" */;
			productName = "FirebaseAppDistribution-Beta";
		};
		C0E7EF722B1BC18E008060B5 /* FirebaseAuth */ = {
			isa = XCSwiftPackageProductDependency;
			package = C0E7EF652B1BC18E008060B5 /* XCRemoteSwiftPackageReference "firebase-ios-sdk" */;
			productName = FirebaseAuth;
		};
		C0E7EF742B1BC18E008060B5 /* FirebaseAuthCombine-Community */ = {
			isa = XCSwiftPackageProductDependency;
			package = C0E7EF652B1BC18E008060B5 /* XCRemoteSwiftPackageReference "firebase-ios-sdk" */;
			productName = "FirebaseAuthCombine-Community";
		};
		C0E7EF762B1BC18E008060B5 /* FirebaseCrashlytics */ = {
			isa = XCSwiftPackageProductDependency;
			package = C0E7EF652B1BC18E008060B5 /* XCRemoteSwiftPackageReference "firebase-ios-sdk" */;
			productName = FirebaseCrashlytics;
		};
		C0E7EF782B1BC18E008060B5 /* FirebaseDatabase */ = {
			isa = XCSwiftPackageProductDependency;
			package = C0E7EF652B1BC18E008060B5 /* XCRemoteSwiftPackageReference "firebase-ios-sdk" */;
			productName = FirebaseDatabase;
		};
		C0E7EF7A2B1BC18E008060B5 /* FirebaseDatabaseSwift */ = {
			isa = XCSwiftPackageProductDependency;
			package = C0E7EF652B1BC18E008060B5 /* XCRemoteSwiftPackageReference "firebase-ios-sdk" */;
			productName = FirebaseDatabaseSwift;
		};
		C0E7EF7C2B1BC18E008060B5 /* FirebaseDynamicLinks */ = {
			isa = XCSwiftPackageProductDependency;
			package = C0E7EF652B1BC18E008060B5 /* XCRemoteSwiftPackageReference "firebase-ios-sdk" */;
			productName = FirebaseDynamicLinks;
		};
		C0E7EF7E2B1BC18E008060B5 /* FirebaseFirestore */ = {
			isa = XCSwiftPackageProductDependency;
			package = C0E7EF652B1BC18E008060B5 /* XCRemoteSwiftPackageReference "firebase-ios-sdk" */;
			productName = FirebaseFirestore;
		};
		C0E7EF802B1BC18E008060B5 /* FirebaseFirestoreCombine-Community */ = {
			isa = XCSwiftPackageProductDependency;
			package = C0E7EF652B1BC18E008060B5 /* XCRemoteSwiftPackageReference "firebase-ios-sdk" */;
			productName = "FirebaseFirestoreCombine-Community";
		};
		C0E7EF822B1BC18E008060B5 /* FirebaseFirestoreSwift */ = {
			isa = XCSwiftPackageProductDependency;
			package = C0E7EF652B1BC18E008060B5 /* XCRemoteSwiftPackageReference "firebase-ios-sdk" */;
			productName = FirebaseFirestoreSwift;
		};
		C0E7EF842B1BC18E008060B5 /* FirebaseFunctions */ = {
			isa = XCSwiftPackageProductDependency;
			package = C0E7EF652B1BC18E008060B5 /* XCRemoteSwiftPackageReference "firebase-ios-sdk" */;
			productName = FirebaseFunctions;
		};
		C0E7EF862B1BC18E008060B5 /* FirebaseFunctionsCombine-Community */ = {
			isa = XCSwiftPackageProductDependency;
			package = C0E7EF652B1BC18E008060B5 /* XCRemoteSwiftPackageReference "firebase-ios-sdk" */;
			productName = "FirebaseFunctionsCombine-Community";
		};
		C0E7EF882B1BC18E008060B5 /* FirebaseInAppMessaging-Beta */ = {
			isa = XCSwiftPackageProductDependency;
			package = C0E7EF652B1BC18E008060B5 /* XCRemoteSwiftPackageReference "firebase-ios-sdk" */;
			productName = "FirebaseInAppMessaging-Beta";
		};
		C0E7EF8A2B1BC18E008060B5 /* FirebaseInAppMessagingSwift-Beta */ = {
			isa = XCSwiftPackageProductDependency;
			package = C0E7EF652B1BC18E008060B5 /* XCRemoteSwiftPackageReference "firebase-ios-sdk" */;
			productName = "FirebaseInAppMessagingSwift-Beta";
		};
		C0E7EF8C2B1BC18E008060B5 /* FirebaseInstallations */ = {
			isa = XCSwiftPackageProductDependency;
			package = C0E7EF652B1BC18E008060B5 /* XCRemoteSwiftPackageReference "firebase-ios-sdk" */;
			productName = FirebaseInstallations;
		};
		C0E7EF8E2B1BC18E008060B5 /* FirebaseMLModelDownloader */ = {
			isa = XCSwiftPackageProductDependency;
			package = C0E7EF652B1BC18E008060B5 /* XCRemoteSwiftPackageReference "firebase-ios-sdk" */;
			productName = FirebaseMLModelDownloader;
		};
		C0E7EF902B1BC18E008060B5 /* FirebaseMessaging */ = {
			isa = XCSwiftPackageProductDependency;
			package = C0E7EF652B1BC18E008060B5 /* XCRemoteSwiftPackageReference "firebase-ios-sdk" */;
			productName = FirebaseMessaging;
		};
		C0E7EF922B1BC18E008060B5 /* FirebasePerformance */ = {
			isa = XCSwiftPackageProductDependency;
			package = C0E7EF652B1BC18E008060B5 /* XCRemoteSwiftPackageReference "firebase-ios-sdk" */;
			productName = FirebasePerformance;
		};
		C0E7EF942B1BC18E008060B5 /* FirebaseRemoteConfig */ = {
			isa = XCSwiftPackageProductDependency;
			package = C0E7EF652B1BC18E008060B5 /* XCRemoteSwiftPackageReference "firebase-ios-sdk" */;
			productName = FirebaseRemoteConfig;
		};
		C0E7EF962B1BC18E008060B5 /* FirebaseRemoteConfigSwift */ = {
			isa = XCSwiftPackageProductDependency;
			package = C0E7EF652B1BC18E008060B5 /* XCRemoteSwiftPackageReference "firebase-ios-sdk" */;
			productName = FirebaseRemoteConfigSwift;
		};
		C0E7EF982B1BC18E008060B5 /* FirebaseStorage */ = {
			isa = XCSwiftPackageProductDependency;
			package = C0E7EF652B1BC18E008060B5 /* XCRemoteSwiftPackageReference "firebase-ios-sdk" */;
			productName = FirebaseStorage;
		};
		C0E7EF9A2B1BC18E008060B5 /* FirebaseStorageCombine-Community */ = {
			isa = XCSwiftPackageProductDependency;
			package = C0E7EF652B1BC18E008060B5 /* XCRemoteSwiftPackageReference "firebase-ios-sdk" */;
			productName = "FirebaseStorageCombine-Community";
		};
/* End XCSwiftPackageProductDependency section */
	};
	rootObject = C0E7EF1A2B1BB75B008060B5 /* Project object */;
}
